
Microsoft Visual Studio Solution File, Format Version 12.00
# Visual Studio Version 17
VisualStudioVersion = 17.7.34221.43
MinimumVisualStudioVersion = 10.0.40219.1
Project("{FAE04EC0-301F-11D3-BF4B-00C04F79EFBC}") = "laba_3", "laba_3\laba_3.csproj", "{CC4630F9-0925-496B-A3F9-10CC86034D5D}"
EndProject
Project("{FAE04EC0-301F-11D3-BF4B-00C04F79EFBC}") = "Unit_Test", "Units_Test\Unit_Test.csproj", "{58363AC5-5195-4236-9597-3D6C9C4CF870}"
EndProject
Global
	GlobalSection(SolutionConfigurationPlatforms) = preSolution
		Debug|Any CPU = Debug|Any CPU
		Release|Any CPU = Release|Any CPU
	EndGlobalSection
	GlobalSection(ProjectConfigurationPlatforms) = postSolution
		{CC4630F9-0925-496B-A3F9-10CC86034D5D}.Debug|Any CPU.ActiveCfg = Debug|Any CPU
		{CC4630F9-0925-496B-A3F9-10CC86034D5D}.Debug|Any CPU.Build.0 = Debug|Any CPU
		{CC4630F9-0925-496B-A3F9-10CC86034D5D}.Release|Any CPU.ActiveCfg = Release|Any CPU
		{CC4630F9-0925-496B-A3F9-10CC86034D5D}.Release|Any CPU.Build.0 = Release|Any CPU
		{58363AC5-5195-4236-9597-3D6C9C4CF870}.Debug|Any CPU.ActiveCfg = Debug|Any CPU
		{58363AC5-5195-4236-9597-3D6C9C4CF870}.Debug|Any CPU.Build.0 = Debug|Any CPU
		{58363AC5-5195-4236-9597-3D6C9C4CF870}.Release|Any CPU.ActiveCfg = Release|Any CPU
		{58363AC5-5195-4236-9597-3D6C9C4CF870}.Release|Any CPU.Build.0 = Release|Any CPU
	EndGlobalSection
	GlobalSection(SolutionProperties) = preSolution
		HideSolutionNode = FALSE
	EndGlobalSection
	GlobalSection(ExtensibilityGlobals) = postSolution
		SolutionGuid = {583F346F-690E-47CF-AA41-C442E124EF1B}
	EndGlobalSection
EndGlobal
